
Microsoft Visual Studio Solution File, Format Version 12.00
# Visual Studio Version 16
VisualStudioVersion = 16.0.28917.182
MinimumVisualStudioVersion = 10.0.40219.1
Project("{FAE04EC0-301F-11D3-BF4B-00C04F79EFBC}") = "TCP Client TideMaster", "TCP Client TideMaster\TCP Client TideMaster.csproj", "{AB2E4253-32B7-4C79-B5DF-3484966502D1}"
EndProject
Global
	GlobalSection(SolutionConfigurationPlatforms) = preSolution
		Debug|Any CPU = Debug|Any CPU
		Release|Any CPU = Release|Any CPU
	EndGlobalSection
	GlobalSection(ProjectConfigurationPlatforms) = postSolution
		{AB2E4253-32B7-4C79-B5DF-3484966502D1}.Debug|Any CPU.ActiveCfg = Debug|Any CPU
		{AB2E4253-32B7-4C79-B5DF-3484966502D1}.Debug|Any CPU.Build.0 = Debug|Any CPU
		{AB2E4253-32B7-4C79-B5DF-3484966502D1}.Release|Any CPU.ActiveCfg = Release|Any CPU
		{AB2E4253-32B7-4C79-B5DF-3484966502D1}.Release|Any CPU.Build.0 = Release|Any CPU
	EndGlobalSection
	GlobalSection(SolutionProperties) = preSolution
		HideSolutionNode = FALSE
	EndGlobalSection
	GlobalSection(ExtensibilityGlobals) = postSolution
		SolutionGuid = {2C9F8953-DF10-432B-BEA2-E103E018682F}
	EndGlobalSection
EndGlobal
